// !$*UTF8*$!
{
	archiveVersion = 1;
	classes = {
	};
	objectVersion = 46;
	objects = {

/* Begin PBXBuildFile section */
		34719D281CD29C1F00174432 /* AppDelegate.swift in Sources */ = {isa = PBXBuildFile; fileRef = 34719D271CD29C1F00174432 /* AppDelegate.swift */; };
		34719D2A1CD29C1F00174432 /* MasterViewController.swift in Sources */ = {isa = PBXBuildFile; fileRef = 34719D291CD29C1F00174432 /* MasterViewController.swift */; };
		34719D2C1CD29C1F00174432 /* DetailViewController.swift in Sources */ = {isa = PBXBuildFile; fileRef = 34719D2B1CD29C1F00174432 /* DetailViewController.swift */; };
		34719D2F1CD29C1F00174432 /* Main.storyboard in Resources */ = {isa = PBXBuildFile; fileRef = 34719D2D1CD29C1F00174432 /* Main.storyboard */; };
		34719D311CD29C1F00174432 /* Assets.xcassets in Resources */ = {isa = PBXBuildFile; fileRef = 34719D301CD29C1F00174432 /* Assets.xcassets */; };
		34719D341CD29C1F00174432 /* LaunchScreen.storyboard in Resources */ = {isa = PBXBuildFile; fileRef = 34719D321CD29C1F00174432 /* LaunchScreen.storyboard */; };
/* End PBXBuildFile section */

/* Begin PBXFileReference section */
		34719D241CD29C1F00174432 /* Assessment.app */ = {isa = PBXFileReference; explicitFileType = wrapper.application; includeInIndex = 0; path = Assessment.app; sourceTree = BUILT_PRODUCTS_DIR; };
		34719D271CD29C1F00174432 /* AppDelegate.swift */ = {isa = PBXFileReference; lastKnownFileType = sourcecode.swift; path = AppDelegate.swift; sourceTree = "<group>"; };
		34719D291CD29C1F00174432 /* MasterViewController.swift */ = {isa = PBXFileReference; lastKnownFileType = sourcecode.swift; path = MasterViewController.swift; sourceTree = "<group>"; };
		34719D2B1CD29C1F00174432 /* DetailViewController.swift */ = {isa = PBXFileReference; lastKnownFileType = sourcecode.swift; path = DetailViewController.swift; sourceTree = "<group>"; };
		34719D2E1CD29C1F00174432 /* Base */ = {isa = PBXFileReference; lastKnownFileType = file.storyboard; name = Base; path = Base.lproj/Main.storyboard; sourceTree = "<group>"; };
		34719D301CD29C1F00174432 /* Assets.xcassets */ = {isa = PBXFileReference; lastKnownFileType = folder.assetcatalog; path = Assets.xcassets; sourceTree = "<group>"; };
		34719D331CD29C1F00174432 /* Base */ = {isa = PBXFileReference; lastKnownFileType = file.storyboard; name = Base; path = Base.lproj/LaunchScreen.storyboard; sourceTree = "<group>"; };
		34719D351CD29C1F00174432 /* Info.plist */ = {isa = PBXFileReference; lastKnownFileType = text.plist.xml; path = Info.plist; sourceTree = "<group>"; };
/* End PBXFileReference section */

/* Begin PBXFrameworksBuildPhase section */
		34719D211CD29C1F00174432 /* Frameworks */ = {
			isa = PBXFrameworksBuildPhase;
			buildActionMask = 2147483647;
			files = (
			);
			runOnlyForDeploymentPostprocessing = 0;
		};
/* End PBXFrameworksBuildPhase section */

/* Begin PBXGroup section */
		34719D1B1CD29C1F00174432 = {
			isa = PBXGroup;
			children = (
				34719D261CD29C1F00174432 /* Assessment */,
				34719D251CD29C1F00174432 /* Products */,
			);
			sourceTree = "<group>";
		};
		34719D251CD29C1F00174432 /* Products */ = {
			isa = PBXGroup;
			children = (
				34719D241CD29C1F00174432 /* Assessment.app */,
			);
			name = Products;
			sourceTree = "<group>";
		};
		34719D261CD29C1F00174432 /* Assessment */ = {
			isa = PBXGroup;
			children = (
				34719D271CD29C1F00174432 /* AppDelegate.swift */,
				34719D291CD29C1F00174432 /* MasterViewController.swift */,
				34719D2B1CD29C1F00174432 /* DetailViewController.swift */,
				34719D2D1CD29C1F00174432 /* Main.storyboard */,
				34719D301CD29C1F00174432 /* Assets.xcassets */,
				34719D321CD29C1F00174432 /* LaunchScreen.storyboard */,
				34719D351CD29C1F00174432 /* Info.plist */,
			);
			path = Assessment;
			sourceTree = "<group>";
		};
/* End PBXGroup section */

/* Begin PBXNativeTarget section */
		34719D231CD29C1F00174432 /* Assessment */ = {
			isa = PBXNativeTarget;
			buildConfigurationList = 34719D381CD29C1F00174432 /* Build configuration list for PBXNativeTarget "Assessment" */;
			buildPhases = (
				34719D201CD29C1F00174432 /* Sources */,
				34719D211CD29C1F00174432 /* Frameworks */,
				34719D221CD29C1F00174432 /* Resources */,
			);
			buildRules = (
			);
			dependencies = (
			);
			name = Assessment;
			productName = Assessment;
			productReference = 34719D241CD29C1F00174432 /* Assessment.app */;
			productType = "com.apple.product-type.application";
		};
/* End PBXNativeTarget section */

/* Begin PBXProject section */
		34719D1C1CD29C1F00174432 /* Project object */ = {
			isa = PBXProject;
			attributes = {
				LastSwiftUpdateCheck = 0720;
				LastUpgradeCheck = 0720;
				ORGANIZATIONNAME = "Kaspar Daemen";
				TargetAttributes = {
					34719D231CD29C1F00174432 = {
						CreatedOnToolsVersion = 7.2.1;
					};
				};
			};
			buildConfigurationList = 34719D1F1CD29C1F00174432 /* Build configuration list for PBXProject "Assessment" */;
			compatibilityVersion = "Xcode 3.2";
			developmentRegion = English;
			hasScannedForEncodings = 0;
			knownRegions = (
				en,
				Base,
			);
			mainGroup = 34719D1B1CD29C1F00174432;
			productRefGroup = 34719D251CD29C1F00174432 /* Products */;
			projectDirPath = "";
			projectRoot = "";
			targets = (
				34719D231CD29C1F00174432 /* Assessment */,
			);
		};
/* End PBXProject section */

/* Begin PBXResourcesBuildPhase section */
		34719D221CD29C1F00174432 /* Resources */ = {
			isa = PBXResourcesBuildPhase;
			buildActionMask = 2147483647;
			files = (
				34719D341CD29C1F00174432 /* LaunchScreen.storyboard in Resources */,
				34719D311CD29C1F00174432 /* Assets.xcassets in Resources */,
				34719D2F1CD29C1F00174432 /* Main.storyboard in Resources */,
			);
			runOnlyForDeploymentPostprocessing = 0;
		};
/* End PBXResourcesBuildPhase section */

/* Begin PBXSourcesBuildPhase section */
		34719D201CD29C1F00174432 /* Sources */ = {
			isa = PBXSourcesBuildPhase;
			buildActionMask = 2147483647;
			files = (
				34719D2C1CD29C1F00174432 /* DetailViewController.swift in Sources */,
				34719D2A1CD29C1F00174432 /* MasterViewController.swift in Sources */,
				34719D281CD29C1F00174432 /* AppDelegate.swift in Sources */,
			);
			runOnlyForDeploymentPostprocessing = 0;
		};
/* End PBXSourcesBuildPhase section */

/* Begin PBXVariantGroup section */
		34719D2D1CD29C1F00174432 /* Main.storyboard */ = {
			isa = PBXVariantGroup;
			children = (
				34719D2E1CD29C1F00174432 /* Base */,
			);
			name = Main.storyboard;
			sourceTree = "<group>";
		};
		34719D321CD29C1F00174432 /* LaunchScreen.storyboard */ = {
			isa = PBXVariantGroup;
			children = (
				34719D331CD29C1F00174432 /* Base */,
			);
			name = LaunchScreen.storyboard;
			sourceTree = "<group>";
		};
/* End PBXVariantGroup section */

/* Begin XCBuildConfiguration section */
		34719D361CD29C1F00174432 /* Debug */ = {
			isa = XCBuildConfiguration;
			buildSettings = {
				ALWAYS_SEARCH_USER_PATHS = NO;
				CLANG_CXX_LANGUAGE_STANDARD = "gnu++0x";
				CLANG_CXX_LIBRARY = "libc++";
				CLANG_ENABLE_MODULES = YES;
				CLANG_ENABLE_OBJC_ARC = YES;
				CLANG_WARN_BOOL_CONVERSION = YES;
				CLANG_WARN_CONSTANT_CONVERSION = YES;
				CLANG_WARN_DIRECT_OBJC_ISA_USAGE = YES_ERROR;
				CLANG_WARN_EMPTY_BODY = YES;
				CLANG_WARN_ENUM_CONVERSION = YES;
				CLANG_WARN_INT_CONVERSION = YES;
				CLANG_WARN_OBJC_ROOT_CLASS = YES_ERROR;
				CLANG_WARN_UNREACHABLE_CODE = YES;
				CLANG_WARN__DUPLICATE_METHOD_MATCH = YES;
				"CODE_SIGN_IDENTITY[sdk=iphoneos*]" = "iPhone Developer";
				COPY_PHASE_STRIP = NO;
				DEBUG_INFORMATION_FORMAT = dwarf;
				ENABLE_STRICT_OBJC_MSGSEND = YES;
				ENABLE_TESTABILITY = YES;
				GCC_C_LANGUAGE_STANDARD = gnu99;
				GCC_DYNAMIC_NO_PIC = NO;
				GCC_NO_COMMON_BLOCKS = YES;
				GCC_OPTIMIZATION_LEVEL = 0;
				GCC_PREPROCESSOR_DEFINITIONS = (
					"DEBUG=1",
					"$(inherited)",
				);
				GCC_WARN_64_TO_32_BIT_CONVERSION = YES;
				GCC_WARN_ABOUT_RETURN_TYPE = YES_ERROR;
				GCC_WARN_UNDECLARED_SELECTOR = YES;
				GCC_WARN_UNINITIALIZED_AUTOS = YES_AGGRESSIVE;
				GCC_WARN_UNUSED_FUNCTION = YES;
				GCC_WARN_UNUSED_VARIABLE = YES;
				IPHONEOS_DEPLOYMENT_TARGET = 9.2;
				MTL_ENABLE_DEBUG_INFO = YES;
				ONLY_ACTIVE_ARCH = YES;
				SDKROOT = iphoneos;
				SWIFT_OPTIMIZATION_LEVEL = "-Onone";
			};
			name = Debug;
		};
		34719D371CD29C1F00174432 /* Release */ = {
			isa = XCBuildConfiguration;
			buildSettings = {
				ALWAYS_SEARCH_USER_PATHS = NO;
				CLANG_CXX_LANGUAGE_STANDARD = "gnu++0x";
				CLANG_CXX_LIBRARY = "libc++";
				CLANG_ENABLE_MODULES = YES;
				CLANG_ENABLE_OBJC_ARC = YES;
				CLANG_WARN_BOOL_CONVERSION = YES;
				CLANG_WARN_CONSTANT_CONVERSION = YES;
				CLANG_WARN_DIRECT_OBJC_ISA_USAGE = YES_ERROR;
				CLANG_WARN_EMPTY_BODY = YES;
				CLANG_WARN_ENUM_CONVERSION = YES;
				CLANG_WARN_INT_CONVERSION = YES;
				CLANG_WARN_OBJC_ROOT_CLASS = YES_ERROR;
				CLANG_WARN_UNREACHABLE_CODE = YES;
				CLANG_WARN__DUPLICATE_METHOD_MATCH = YES;
				"CODE_SIGN_IDENTITY[sdk=iphoneos*]" = "iPhone Developer";
				COPY_PHASE_STRIP = NO;
				DEBUG_INFORMATION_FORMAT = "dwarf-with-dsym";
				ENABLE_NS_ASSERTIONS = NO;
				ENABLE_STRICT_OBJC_MSGSEND = YES;
				GCC_C_LANGUAGE_STANDARD = gnu99;
				GCC_NO_COMMON_BLOCKS = YES;
				GCC_WARN_64_TO_32_BIT_CONVERSION = YES;
				GCC_WARN_ABOUT_RETURN_TYPE = YES_ERROR;
				GCC_WARN_UNDECLARED_SELECTOR = YES;
				GCC_WARN_UNINITIALIZED_AUTOS = YES_AGGRESSIVE;
				GCC_WARN_UNUSED_FUNCTION = YES;
				GCC_WARN_UNUSED_VARIABLE = YES;
				IPHONEOS_DEPLOYMENT_TARGET = 9.2;
				MTL_ENABLE_DEBUG_INFO = NO;
				SDKROOT = iphoneos;
				VALIDATE_PRODUCT = YES;
			};
			name = Release;
		};
		34719D391CD29C1F00174432 /* Debug */ = {
			isa = XCBuildConfiguration;
			buildSettings = {
				ASSETCATALOG_COMPILER_APPICON_NAME = AppIcon;
				INFOPLIST_FILE = Assessment/Info.plist;
				LD_RUNPATH_SEARCH_PATHS = "$(inherited) @executable_path/Frameworks";
				PRODUCT_BUNDLE_IDENTIFIER = Avans.Assessment;
				PRODUCT_NAME = "$(TARGET_NAME)";
			};
			name = Debug;
		};
		34719D3A1CD29C1F00174432 /* Release */ = {
			isa = XCBuildConfiguration;
			buildSettings = {
				ASSETCATALOG_COMPILER_APPICON_NAME = AppIcon;
				INFOPLIST_FILE = Assessment/Info.plist;
				LD_RUNPATH_SEARCH_PATHS = "$(inherited) @executable_path/Frameworks";
				PRODUCT_BUNDLE_IDENTIFIER = Avans.Assessment;
				PRODUCT_NAME = "$(TARGET_NAME)";
			};
			name = Release;
		};
/* End XCBuildConfiguration section */

/* Begin XCConfigurationList section */
		34719D1F1CD29C1F00174432 /* Build configuration list for PBXProject "Assessment" */ = {
			isa = XCConfigurationList;
			buildConfigurations = (
				34719D361CD29C1F00174432 /* Debug */,
				34719D371CD29C1F00174432 /* Release */,
			);
			defaultConfigurationIsVisible = 0;
			defaultConfigurationName = Release;
		};
		34719D381CD29C1F00174432 /* Build configuration list for PBXNativeTarget "Assessment" */ = {
			isa = XCConfigurationList;
			buildConfigurations = (
				34719D391CD29C1F00174432 /* Debug */,
				34719D3A1CD29C1F00174432 /* Release */,
			);
			defaultConfigurationIsVisible = 0;
		};
/* End XCConfigurationList section */
	};
	rootObject = 34719D1C1CD29C1F00174432 /* Project object */;
}
